
Microsoft Visual Studio Solution File, Format Version 12.00
# Visual Studio 2017
Project("{FAE04EC0-301F-11D3-BF4B-00C04F79EFBC}") = "Multiplayer test project.Plugins", "Multiplayer test project.Plugins.csproj", "{0A7F8198-BD41-1367-38AE-6B67A9CDEAB7}"
EndProject
Project("{FAE04EC0-301F-11D3-BF4B-00C04F79EFBC}") = "Multiplayer test project", "Multiplayer test project.csproj", "{36D97782-F701-1668-004D-4E0FB90C8849}"
EndProject
Project("{FAE04EC0-301F-11D3-BF4B-00C04F79EFBC}") = "Multiplayer test project.Editor.Plugins", "Multiplayer test project.Editor.Plugins.csproj", "{B3812FD4-6552-4900-AA31-9111E75B4A09}"
EndProject
Global
	GlobalSection(SolutionConfigurationPlatforms) = preSolution
		Debug|Any CPU = Debug|Any CPU
		Release|Any CPU = Release|Any CPU
	EndGlobalSection
	GlobalSection(ProjectConfigurationPlatforms) = postSolution
		{0A7F8198-BD41-1367-38AE-6B67A9CDEAB7}.Debug|Any CPU.ActiveCfg = Debug|Any CPU
		{0A7F8198-BD41-1367-38AE-6B67A9CDEAB7}.Debug|Any CPU.Build.0 = Debug|Any CPU
		{0A7F8198-BD41-1367-38AE-6B67A9CDEAB7}.Release|Any CPU.ActiveCfg = Release|Any CPU
		{0A7F8198-BD41-1367-38AE-6B67A9CDEAB7}.Release|Any CPU.Build.0 = Release|Any CPU
		{36D97782-F701-1668-004D-4E0FB90C8849}.Debug|Any CPU.ActiveCfg = Debug|Any CPU
		{36D97782-F701-1668-004D-4E0FB90C8849}.Debug|Any CPU.Build.0 = Debug|Any CPU
		{36D97782-F701-1668-004D-4E0FB90C8849}.Release|Any CPU.ActiveCfg = Release|Any CPU
		{36D97782-F701-1668-004D-4E0FB90C8849}.Release|Any CPU.Build.0 = Release|Any CPU
		{B3812FD4-6552-4900-AA31-9111E75B4A09}.Debug|Any CPU.ActiveCfg = Debug|Any CPU
		{B3812FD4-6552-4900-AA31-9111E75B4A09}.Debug|Any CPU.Build.0 = Debug|Any CPU
		{B3812FD4-6552-4900-AA31-9111E75B4A09}.Release|Any CPU.ActiveCfg = Release|Any CPU
		{B3812FD4-6552-4900-AA31-9111E75B4A09}.Release|Any CPU.Build.0 = Release|Any CPU
	EndGlobalSection
	GlobalSection(SolutionProperties) = preSolution
		HideSolutionNode = FALSE
	EndGlobalSection
EndGlobal
